github.com/mattn/go-runewidth v0.0.9/go.mod h1:H031xJmbD/WCDINGzjvQ9THkh0rPKHF+m2gUSrubnMI=
github.com/mattn/go-runewidth v0.0.15 h1:UNAjwbU9l54TA3KzvqLGxwWjHmMgBUVhBiTjelZgg3U=
github.com/mattn/go-runewidth v0.0.15/go.mod h1:Jdepj2loyihRzMpdS35Xk/zdY8IAYHsh153qUoGf23w=
github.com/nsf/termbox-go v1.1.1 h1:nksUPLCb73Q++DwbYUBEglYBRPZyoXJdrj5L+TkjyZY=
github.com/nsf/termbox-go v1.1.1/go.mod h1:T0cTdVuOwf7pHQNtfhnEbzHbcNyCEcVU4YPpouCbVxo=
github.com/pierrre/assert v0.3.3 h1:TQzmvCEHqftVvEyurDTx867FA99kEoXEph/SqOvKguc=
github.com/pierrre/assert v0.3.3/go.mod h1:dQBsFrG2B+NY68/j9SQWN660cmEO9aNCKNdmWWOJHYE=
github.com/pierrre/compare v1.4.5 h1:Mh355TQgXeU/qmTX2ixw0drPphSr2INUdxX6SVoiOmw=
github.com/pierrre/compare v1.4.5/go.mod h1:Ca2SaOLQvaDl533H3Ga8RyHk5RTwDatK5nrMkQ9v7Tc=
github.com/pierrre/go-libs v0.2.15 h1:NHWfVNq40c2omMRtKxhIwFWaTf6wlyHhcYef+tHdIAM=
github.com/pierrre/go-libs v0.2.15/go.mod h1:eA3pQD5LHZmavOpTpUfO8FszduBNHoFXDWrevDR6Dy8=
github.com/pierrre/pretty v0.0.12 h1:Mc+oWRb+roNe6RuzM26QYeKRwrIHVL3gb+1z+fEWkdY=
github.com/pierrre/pretty v0.0.12/go.mod h1:j4/nhUovfK676muGe//D/Xskyrtm6PrBV3qadRRIy9k=
github.com/rivo/uniseg v0.2.0/go.mod h1:J6wj4VEh+S6ZtnVlnTBMWIodfgj8LQOQFoIToxlJtxc=
github.com/rivo/uniseg v0.4.4 h1:8TfxU8dW6PdqD27gjM8MVNuicgxIjxpm4K7x4jp8sis=
github.com/rivo/uniseg v0.4.4/go.mod h1:FN3SvrM+Zdj16jyLfmOkMNblXMcoc8DfTHruCPUcx88=
