github.com/mattn/go-runewidth v0.0.9/go.mod h1:H031xJmbD/WCDINGzjvQ9THkh0rPKHF+m2gUSrubnMI=
github.com/mattn/go-runewidth v0.0.16 h1:E5ScNMtiwvlvB5paMFdw9p4kSQzbXFikJ5SQO6TULQc=
github.com/mattn/go-runewidth v0.0.16/go.mod h1:Jdepj2loyihRzMpdS35Xk/zdY8IAYHsh153qUoGf23w=
github.com/nsf/termbox-go v1.1.1 h1:nksUPLCb73Q++DwbYUBEglYBRPZyoXJdrj5L+TkjyZY=
github.com/nsf/termbox-go v1.1.1/go.mod h1:T0cTdVuOwf7pHQNtfhnEbzHbcNyCEcVU4YPpouCbVxo=
github.com/pierrre/assert v0.4.2 h1:FSZD6BedCprSZDOnakP1Nj9smO0lgQcC4c3AvCVzvLY=
github.com/pierrre/assert v0.4.2/go.mod h1:psp4BBcPXA1GyJDf1e+ge2CtsI8qvFoLQwwqb4jfc48=
github.com/pierrre/compare v1.4.6 h1:JjGjO9r82dT3K/Zzaqgzdwo/rKFv04Jpb97AAU0wW1M=
github.com/pierrre/compare v1.4.6/go.mod h1:uwIp5+8pGOhaHKnzM2rI2A/hiAbTaE0tkiD/G2iHNWM=
github.com/pierrre/go-libs v0.6.1 h1:WvupPnAViOJvN0gKZaNo4wQJOh5uqJE4J1gl4eqb6KY=
github.com/pierrre/go-libs v0.6.1/go.mod h1:UhkUwjqxekTsXl8LAAYP6eJTfoV7nJwop/+QPVsOjEM=
github.com/pierrre/pretty v0.2.4 h1:xVL+ig25LfTlmA0dUJ0zR6cHREypKpfWsAbslTnY/k8=
github.com/pierrre/pretty v0.2.4/go.mod h1:WdkxECbxQhjK301akWB9ML1vqnRBiIWCpNE5JvJHgpc=
github.com/rivo/uniseg v0.2.0/go.mod h1:J6wj4VEh+S6ZtnVlnTBMWIodfgj8LQOQFoIToxlJtxc=
github.com/rivo/uniseg v0.4.7 h1:WUdvkW8uEhrYfLC4ZzdpI2ztxP1I582+49Oc5Mq64VQ=
github.com/rivo/uniseg v0.4.7/go.mod h1:FN3SvrM+Zdj16jyLfmOkMNblXMcoc8DfTHruCPUcx88=
