github.com/clipperhouse/uax29/v2 v2.7.0 h1:+gs4oBZ2gPfVrKPthwbMzWZDaAFPGYK72F0NJv2v7Vk=
github.com/clipperhouse/uax29/v2 v2.7.0/go.mod h1:EFJ2TJMRUaplDxHKj1qAEhCtQPW2tJSwu5BF98AuoVM=
github.com/mattn/go-runewidth v0.0.9/go.mod h1:H031xJmbD/WCDINGzjvQ9THkh0rPKHF+m2gUSrubnMI=
github.com/mattn/go-runewidth v0.0.23 h1:7ykA0T0jkPpzSvMS5i9uoNn2Xy3R383f9HDx3RybWcw=
github.com/mattn/go-runewidth v0.0.23/go.mod h1:XBkDxAl56ILZc9knddidhrOlY5R/pDhgLpndooCuJAs=
github.com/nsf/termbox-go v1.1.1 h1:nksUPLCb73Q++DwbYUBEglYBRPZyoXJdrj5L+TkjyZY=
github.com/nsf/termbox-go v1.1.1/go.mod h1:T0cTdVuOwf7pHQNtfhnEbzHbcNyCEcVU4YPpouCbVxo=
github.com/pierrre/assert v0.13.5 h1:J43P8i+FzFZzLEYmbBcNUei2e2A6Dhda8rPYAs2aFiA=
github.com/pierrre/assert v0.13.5/go.mod h1:1K7i1u2bm+iXbWffrdAXd2M2HKpFuByKwQoXEHX+vrs=
github.com/pierrre/compare v1.4.15 h1:ZYzDSe6D07cj54erJHXXBE2Ot9GPM5VnTOhVrvXe74M=
github.com/pierrre/compare v1.4.15/go.mod h1:WHIREzz9xDNMzyIIp+RyZULubskCL/Vj6nnrd5Xwml8=
github.com/pierrre/go-libs v0.30.13 h1:dh7zcJbm+exdeghQf4eFyK10+u5grMr+0OvhcxWzEQA=
github.com/pierrre/go-libs v0.30.13/go.mod h1:ea9cuN5x6dkMtBwe8t6njNXQW0zhfS+1VM/fpruNcOc=
github.com/pierrre/pretty v0.24.1 h1:hKfqCbX27S/zkesB8YoSa8rSBs7DWrwWZjTFFjocIH4=
github.com/pierrre/pretty v0.24.1/go.mod h1:WbA12yKbUkccBWOW7ZJydgHKYlRqGGFpjSNm84dTLX0=
go.uber.org/goleak v1.3.0 h1:2K3zAYmnTNqV73imy9J1T3WC+gmCePx2hEGkimedGto=
go.uber.org/goleak v1.3.0/go.mod h1:CoHD4mav9JJNrW/WLlf7HGZPjdw8EucARQHekz1X6bE=
